# This file is automatically @generated by Cargo.
# It is not intended for manual editing.
version = 4

[[package]]
name = "memory_user"
version = "0.1.0"
dependencies = [
 "thread",
]

[[package]]
name = "thread"
version = "0.0.1"
source = "registry+https://github.com/rust-lang/crates.io-index"
checksum = "0f06beb703bd1c46f3cc8afdf4e3d0f932ec413289204f9f74715023da8acb5f"
